
Microsoft Visual Studio Solution File, Format Version 12.00
# Visual Studio Version 17
VisualStudioVersion = 17.10.35122.118
MinimumVisualStudioVersion = 10.0.40219.1
Project("{FAE04EC0-301F-11D3-BF4B-00C04F79EFBC}") = "MenuBuilder_SupGameBox", "MenuBuilder_SupGameBox\MenuBuilder_SupGameBox.csproj", "{B689C2B7-FE06-44C0-8209-2FDB841B7989}"
EndProject
Global
	GlobalSection(SolutionConfigurationPlatforms) = preSolution
		Debug|Any CPU = Debug|Any CPU
		Release|Any CPU = Release|Any CPU
	EndGlobalSection
	GlobalSection(ProjectConfigurationPlatforms) = postSolution
		{B689C2B7-FE06-44C0-8209-2FDB841B7989}.Debug|Any CPU.ActiveCfg = Debug|Any CPU
		{B689C2B7-FE06-44C0-8209-2FDB841B7989}.Debug|Any CPU.Build.0 = Debug|Any CPU
		{B689C2B7-FE06-44C0-8209-2FDB841B7989}.Release|Any CPU.ActiveCfg = Release|Any CPU
		{B689C2B7-FE06-44C0-8209-2FDB841B7989}.Release|Any CPU.Build.0 = Release|Any CPU
	EndGlobalSection
	GlobalSection(SolutionProperties) = preSolution
		HideSolutionNode = FALSE
	EndGlobalSection
	GlobalSection(ExtensibilityGlobals) = postSolution
		SolutionGuid = {1465CA48-6212-4DEE-AED6-EB460D548EFD}
	EndGlobalSection
EndGlobal
